
Microsoft Visual Studio Solution File, Format Version 12.00
# Visual Studio Version 16
VisualStudioVersion = 16.0.30225.117
MinimumVisualStudioVersion = 10.0.40219.1
Project("{FAE04EC0-301F-11D3-BF4B-00C04F79EFBC}") = "SakillaReader", "SakillaReader\SakillaReader.csproj", "{E6965A0D-A184-41EC-87BB-FC3CECCDCB95}"
EndProject
Global
	GlobalSection(SolutionConfigurationPlatforms) = preSolution
		Debug|Any CPU = Debug|Any CPU
		Release|Any CPU = Release|Any CPU
	EndGlobalSection
	GlobalSection(ProjectConfigurationPlatforms) = postSolution
		{E6965A0D-A184-41EC-87BB-FC3CECCDCB95}.Debug|Any CPU.ActiveCfg = Debug|Any CPU
		{E6965A0D-A184-41EC-87BB-FC3CECCDCB95}.Debug|Any CPU.Build.0 = Debug|Any CPU
		{E6965A0D-A184-41EC-87BB-FC3CECCDCB95}.Release|Any CPU.ActiveCfg = Release|Any CPU
		{E6965A0D-A184-41EC-87BB-FC3CECCDCB95}.Release|Any CPU.Build.0 = Release|Any CPU
	EndGlobalSection
	GlobalSection(SolutionProperties) = preSolution
		HideSolutionNode = FALSE
	EndGlobalSection
	GlobalSection(ExtensibilityGlobals) = postSolution
		SolutionGuid = {AFAD569D-6D78-4153-A51E-EF984B1AC766}
	EndGlobalSection
EndGlobal
